PODS:
  - Alamofire (5.2.1)
  - IQKeyboardManagerSwift (6.5.5)
  - SVProgressHUD (2.2.5)

DEPENDENCIES:
  - Alamofire
  - IQKeyboardManagerSwift
  - SVProgressHUD

SPEC REPOS:
  trunk:
    - Alamofire
    - IQKeyboardManagerSwift
    - SVProgressHUD

SPEC CHECKSUMS:
  Alamofire: e911732990610fe89af59ac0077f923d72dc3dfd
  IQKeyboardManagerSwift: 0fb93310284665245591f50f7a5e38de615960b7
  SVProgressHUD: 1428aafac632c1f86f62aa4243ec12008d7a51d6

PODFILE CHECKSUM: 75c688582f0ac128f574079c8a4cc933d459c1c2

COCOAPODS: 1.9.1
